
Microsoft Visual Studio Solution File, Format Version 12.00
# Visual Studio 15
VisualStudioVersion = 15.0.27428.2005
MinimumVisualStudioVersion = 10.0.40219.1
Project("{F2A71F9B-5D33-465A-A702-920D77279786}") = "Unit1", "Unit1\Unit1.fsproj", "{0206028C-4507-4FB0-B216-BE40479CAD71}"
EndProject
Global
	GlobalSection(SolutionConfigurationPlatforms) = preSolution
		Debug|Any CPU = Debug|Any CPU
		Release|Any CPU = Release|Any CPU
	EndGlobalSection
	GlobalSection(ProjectConfigurationPlatforms) = postSolution
		{0206028C-4507-4FB0-B216-BE40479CAD71}.Debug|Any CPU.ActiveCfg = Debug|Any CPU
		{0206028C-4507-4FB0-B216-BE40479CAD71}.Debug|Any CPU.Build.0 = Debug|Any CPU
		{0206028C-4507-4FB0-B216-BE40479CAD71}.Release|Any CPU.ActiveCfg = Release|Any CPU
		{0206028C-4507-4FB0-B216-BE40479CAD71}.Release|Any CPU.Build.0 = Release|Any CPU
	EndGlobalSection
	GlobalSection(SolutionProperties) = preSolution
		HideSolutionNode = FALSE
	EndGlobalSection
	GlobalSection(ExtensibilityGlobals) = postSolution
		SolutionGuid = {2F8EC7A6-AA3D-4C1A-AE7E-F7C787F1D6B6}
	EndGlobalSection
EndGlobal
