
Microsoft Visual Studio Solution File, Format Version 12.00
# Visual Studio 15
VisualStudioVersion = 15.0.27428.2005
MinimumVisualStudioVersion = 10.0.40219.1
Project("{F2A71F9B-5D33-465A-A702-920D77279786}") = "Unit2", "Unit2\Unit2.fsproj", "{9EF9231F-40F7-47B7-ACF0-22E89D7497BF}"
EndProject
Global
	GlobalSection(SolutionConfigurationPlatforms) = preSolution
		Debug|Any CPU = Debug|Any CPU
		Release|Any CPU = Release|Any CPU
	EndGlobalSection
	GlobalSection(ProjectConfigurationPlatforms) = postSolution
		{9EF9231F-40F7-47B7-ACF0-22E89D7497BF}.Debug|Any CPU.ActiveCfg = Debug|Any CPU
		{9EF9231F-40F7-47B7-ACF0-22E89D7497BF}.Debug|Any CPU.Build.0 = Debug|Any CPU
		{9EF9231F-40F7-47B7-ACF0-22E89D7497BF}.Release|Any CPU.ActiveCfg = Release|Any CPU
		{9EF9231F-40F7-47B7-ACF0-22E89D7497BF}.Release|Any CPU.Build.0 = Release|Any CPU
	EndGlobalSection
	GlobalSection(SolutionProperties) = preSolution
		HideSolutionNode = FALSE
	EndGlobalSection
	GlobalSection(ExtensibilityGlobals) = postSolution
		SolutionGuid = {13F5F81C-A810-46D6-90A6-1E908A275244}
	EndGlobalSection
EndGlobal
